
Microsoft Visual Studio Solution File, Format Version 12.00
# Visual Studio Version 17
VisualStudioVersion = 17.0.32126.317
MinimumVisualStudioVersion = 10.0.40219.1
Project("{FAE04EC0-301F-11D3-BF4B-00C04F79EFBC}") = "JumpingPlatformGame", "JumpingPlatformGame\JumpingPlatformGame.csproj", "{62EC5903-55F4-4653-A821-782C0F126B77}"
EndProject
Project("{FAE04EC0-301F-11D3-BF4B-00C04F79EFBC}") = "GamePhysics", "GamePhysics\GamePhysics.csproj", "{4C0EF963-84C8-457F-9EEA-FE535181E938}"
EndProject
Global
	GlobalSection(SolutionConfigurationPlatforms) = preSolution
		Debug|Any CPU = Debug|Any CPU
		Release|Any CPU = Release|Any CPU
	EndGlobalSection
	GlobalSection(ProjectConfigurationPlatforms) = postSolution
		{62EC5903-55F4-4653-A821-782C0F126B77}.Debug|Any CPU.ActiveCfg = Debug|Any CPU
		{62EC5903-55F4-4653-A821-782C0F126B77}.Debug|Any CPU.Build.0 = Debug|Any CPU
		{62EC5903-55F4-4653-A821-782C0F126B77}.Release|Any CPU.ActiveCfg = Release|Any CPU
		{62EC5903-55F4-4653-A821-782C0F126B77}.Release|Any CPU.Build.0 = Release|Any CPU
		{4C0EF963-84C8-457F-9EEA-FE535181E938}.Debug|Any CPU.ActiveCfg = Debug|Any CPU
		{4C0EF963-84C8-457F-9EEA-FE535181E938}.Debug|Any CPU.Build.0 = Debug|Any CPU
		{4C0EF963-84C8-457F-9EEA-FE535181E938}.Release|Any CPU.ActiveCfg = Release|Any CPU
		{4C0EF963-84C8-457F-9EEA-FE535181E938}.Release|Any CPU.Build.0 = Release|Any CPU
	EndGlobalSection
	GlobalSection(SolutionProperties) = preSolution
		HideSolutionNode = FALSE
	EndGlobalSection
	GlobalSection(ExtensibilityGlobals) = postSolution
		SolutionGuid = {BFC2A53B-EB4A-4C96-B702-150C0A1DF768}
	EndGlobalSection
EndGlobal
